
Microsoft Visual Studio Solution File, Format Version 12.00
# Visual Studio Version 17
VisualStudioVersion = 17.11.35208.52
MinimumVisualStudioVersion = 10.0.40219.1
Project("{9A19103F-16F7-4668-BE54-9A1E7A4F7556}") = "Game", "Game.csproj", "{6E6C320E-28E7-4A52-8CCC-63C2EFC8427F}"
EndProject
Global
	GlobalSection(SolutionConfigurationPlatforms) = preSolution
		Debug|Any CPU = Debug|Any CPU
		Release|Any CPU = Release|Any CPU
	EndGlobalSection
	GlobalSection(ProjectConfigurationPlatforms) = postSolution
		{6E6C320E-28E7-4A52-8CCC-63C2EFC8427F}.Debug|Any CPU.ActiveCfg = Debug|Any CPU
		{6E6C320E-28E7-4A52-8CCC-63C2EFC8427F}.Debug|Any CPU.Build.0 = Debug|Any CPU
		{6E6C320E-28E7-4A52-8CCC-63C2EFC8427F}.Debug|Any CPU.Deploy.0 = Debug|Any CPU
		{6E6C320E-28E7-4A52-8CCC-63C2EFC8427F}.Release|Any CPU.ActiveCfg = Release|Any CPU
		{6E6C320E-28E7-4A52-8CCC-63C2EFC8427F}.Release|Any CPU.Build.0 = Release|Any CPU
		{6E6C320E-28E7-4A52-8CCC-63C2EFC8427F}.Release|Any CPU.Deploy.0 = Release|Any CPU
	EndGlobalSection
	GlobalSection(SolutionProperties) = preSolution
		HideSolutionNode = FALSE
	EndGlobalSection
	GlobalSection(ExtensibilityGlobals) = postSolution
		SolutionGuid = {2CCE7117-0B41-4E83-80DD-21EF28C8E846}
	EndGlobalSection
EndGlobal
